
Microsoft Visual Studio Solution File, Format Version 12.00
# Visual Studio 15
VisualStudioVersion = 15.0.33529.398
MinimumVisualStudioVersion = 10.0.40219.1
Project("{FAE04EC0-301F-11D3-BF4B-00C04F79EFBC}") = "MiAlmacen.EntityLayer", "MiAlmacen.EntityLayer\MiAlmacen.EntityLayer.csproj", "{86738D30-651E-494E-92C2-545EE2D2BA5D}"
EndProject
Project("{FAE04EC0-301F-11D3-BF4B-00C04F79EFBC}") = "MiAlmacen.DataLayer", "MiAlmacen.DataLayer\MiAlmacen.DataLayer.csproj", "{E24B2037-58FB-4F13-B95A-BA3EA25DD278}"
EndProject
Project("{FAE04EC0-301F-11D3-BF4B-00C04F79EFBC}") = "MiAlmacen.BusinessLayer", "MiAlmacen.BusinessLayer\MiAlmacen.BusinessLayer.csproj", "{79DD5A02-A320-4749-B448-ACE71C962FB7}"
EndProject
Project("{FAE04EC0-301F-11D3-BF4B-00C04F79EFBC}") = "MiAlmacen.AdminLayer", "MiAlmacen.AdminLayer\MiAlmacen.AdminLayer.csproj", "{45B7ED93-0427-4091-A9A8-408D4C81BED3}"
EndProject
Project("{FAE04EC0-301F-11D3-BF4B-00C04F79EFBC}") = "MiAlmacen.Desktop", "MiAlmacen.Desktop\MiAlmacen.Desktop.csproj", "{8ABFE948-6E5D-4650-854E-84B39B54A341}"
EndProject
Global
	GlobalSection(SolutionConfigurationPlatforms) = preSolution
		Debug|Any CPU = Debug|Any CPU
		Release|Any CPU = Release|Any CPU
	EndGlobalSection
	GlobalSection(ProjectConfigurationPlatforms) = postSolution
		{86738D30-651E-494E-92C2-545EE2D2BA5D}.Debug|Any CPU.ActiveCfg = Debug|Any CPU
		{86738D30-651E-494E-92C2-545EE2D2BA5D}.Debug|Any CPU.Build.0 = Debug|Any CPU
		{86738D30-651E-494E-92C2-545EE2D2BA5D}.Release|Any CPU.ActiveCfg = Release|Any CPU
		{86738D30-651E-494E-92C2-545EE2D2BA5D}.Release|Any CPU.Build.0 = Release|Any CPU
		{E24B2037-58FB-4F13-B95A-BA3EA25DD278}.Debug|Any CPU.ActiveCfg = Debug|Any CPU
		{E24B2037-58FB-4F13-B95A-BA3EA25DD278}.Debug|Any CPU.Build.0 = Debug|Any CPU
		{E24B2037-58FB-4F13-B95A-BA3EA25DD278}.Release|Any CPU.ActiveCfg = Release|Any CPU
		{E24B2037-58FB-4F13-B95A-BA3EA25DD278}.Release|Any CPU.Build.0 = Release|Any CPU
		{79DD5A02-A320-4749-B448-ACE71C962FB7}.Debug|Any CPU.ActiveCfg = Debug|Any CPU
		{79DD5A02-A320-4749-B448-ACE71C962FB7}.Debug|Any CPU.Build.0 = Debug|Any CPU
		{79DD5A02-A320-4749-B448-ACE71C962FB7}.Release|Any CPU.ActiveCfg = Release|Any CPU
		{79DD5A02-A320-4749-B448-ACE71C962FB7}.Release|Any CPU.Build.0 = Release|Any CPU
		{45B7ED93-0427-4091-A9A8-408D4C81BED3}.Debug|Any CPU.ActiveCfg = Debug|Any CPU
		{45B7ED93-0427-4091-A9A8-408D4C81BED3}.Debug|Any CPU.Build.0 = Debug|Any CPU
		{45B7ED93-0427-4091-A9A8-408D4C81BED3}.Release|Any CPU.ActiveCfg = Release|Any CPU
		{45B7ED93-0427-4091-A9A8-408D4C81BED3}.Release|Any CPU.Build.0 = Release|Any CPU
		{8ABFE948-6E5D-4650-854E-84B39B54A341}.Debug|Any CPU.ActiveCfg = Debug|Any CPU
		{8ABFE948-6E5D-4650-854E-84B39B54A341}.Debug|Any CPU.Build.0 = Debug|Any CPU
		{8ABFE948-6E5D-4650-854E-84B39B54A341}.Release|Any CPU.ActiveCfg = Release|Any CPU
		{8ABFE948-6E5D-4650-854E-84B39B54A341}.Release|Any CPU.Build.0 = Release|Any CPU
	EndGlobalSection
	GlobalSection(SolutionProperties) = preSolution
		HideSolutionNode = FALSE
	EndGlobalSection
	GlobalSection(ExtensibilityGlobals) = postSolution
		SolutionGuid = {A3A6BE0E-0453-4233-B572-23B4C8887C69}
	EndGlobalSection
EndGlobal
